<?xml version="1.0" encoding="UTF-8"?>
<!DOCTYPE plist PUBLIC "-//Apple//DTD PLIST 1.0//EN" "http://www.apple.com/DTDs/PropertyList-1.0.dtd">
<plist version="1.0">
<dict>
	<key>archiveVersion</key>
	<string>1</string>
	<key>classes</key>
	<dict/>
	<key>objectVersion</key>
	<string>46</string>
	<key>objects</key>
	<dict>
		<key>33D18E6F1BA048D185EADA3C</key>
		<dict>
			<key>includeInIndex</key>
			<string>1</string>
			<key>isa</key>
			<string>PBXFileReference</string>
			<key>lastKnownFileType</key>
			<string>text.xcconfig</string>
			<key>name</key>
			<string>Pods.xcconfig</string>
			<key>path</key>
			<string>Pods/Pods.xcconfig</string>
			<key>sourceTree</key>
			<string>&lt;group&gt;</string>
		</dict>
		<key>4C519CD418E7348D00F8FB68</key>
		<dict>
			<key>fileEncoding</key>
			<string>4</string>
			<key>isa</key>
			<string>PBXFileReference</string>
			<key>lastKnownFileType</key>
			<string>sourcecode.c.h</string>
			<key>path</key>
			<string>GetURLRequestDelegate.h</string>
			<key>sourceTree</key>
			<string>&lt;group&gt;</string>
		</dict>
		<key>4C519CD518E7348E00F8FB68</key>
		<dict>
			<key>fileEncoding</key>
			<string>4</string>
			<key>isa</key>
			<string>PBXFileReference</string>
			<key>lastKnownFileType</key>
			<string>sourcecode.c.objc</string>
			<key>path</key>
			<string>GetURLRequestDelegate.m</string>
			<key>sourceTree</key>
			<string>&lt;group&gt;</string>
		</dict>
		<key>4C519CD618E7348E00F8FB68</key>
		<dict>
			<key>fileRef</key>
			<string>4C519CD518E7348E00F8FB68</string>
			<key>isa</key>
			<string>PBXBuildFile</string>
		</dict>
		<key>4CAEDCE618E656DF00A685A7</key>
		<dict>
			<key>children</key>
			<array>
				<string>4CAEDCF818E656DF00A685A7</string>
				<string>4CAEDD1718E656E000A685A7</string>
				<string>4CAEDCF118E656DF00A685A7</string>
				<string>4CAEDCF018E656DF00A685A7</string>
				<string>33D18E6F1BA048D185EADA3C</string>
			</array>
			<key>isa</key>
			<string>PBXGroup</string>
			<key>sourceTree</key>
			<string>&lt;group&gt;</string>
		</dict>
		<key>4CAEDCE718E656DF00A685A7</key>
		<dict>
			<key>attributes</key>
			<dict>
				<key>LastUpgradeCheck</key>
				<string>0500</string>
				<key>ORGANIZATIONNAME</key>
				<string>Michael Cheng</string>
				<key>TargetAttributes</key>
				<dict>
					<key>4CAEDD0F18E656DF00A685A7</key>
					<dict>
						<key>TestTargetID</key>
						<string>4CAEDCEE18E656DF00A685A7</string>
					</dict>
				</dict>
			</dict>
			<key>buildConfigurationList</key>
			<string>4CAEDCEA18E656DF00A685A7</string>
			<key>compatibilityVersion</key>
			<string>Xcode 3.2</string>
			<key>developmentRegion</key>
			<string>English</string>
			<key>hasScannedForEncodings</key>
			<string>0</string>
			<key>isa</key>
			<string>PBXProject</string>
			<key>knownRegions</key>
			<array>
				<string>en</string>
				<string>Base</string>
			</array>
			<key>mainGroup</key>
			<string>4CAEDCE618E656DF00A685A7</string>
			<key>productRefGroup</key>
			<string>4CAEDCF018E656DF00A685A7</string>
			<key>projectDirPath</key>
			<string></string>
			<key>projectReferences</key>
			<array/>
			<key>projectRoot</key>
			<string></string>
			<key>targets</key>
			<array>
				<string>4CAEDCEE18E656DF00A685A7</string>
				<string>4CAEDD0F18E656DF00A685A7</string>
			</array>
		</dict>
		<key>4CAEDCEA18E656DF00A685A7</key>
		<dict>
			<key>buildConfigurations</key>
			<array>
				<string>4CAEDD1F18E656E000A685A7</string>
				<string>4CAEDD2018E656E000A685A7</string>
			</array>
			<key>defaultConfigurationIsVisible</key>
			<string>0</string>
			<key>defaultConfigurationName</key>
			<string>Release</string>
			<key>isa</key>
			<string>XCConfigurationList</string>
		</dict>
		<key>4CAEDCEB18E656DF00A685A7</key>
		<dict>
			<key>buildActionMask</key>
			<string>2147483647</string>
			<key>files</key>
			<array>
				<string>4CAEDD3318E6891200A685A7</string>
				<string>4CAEDD0918E656DF00A685A7</string>
				<string>4CAEDD0318E656DF00A685A7</string>
				<string>4C519CD618E7348E00F8FB68</string>
				<string>4CAEDCFF18E656DF00A685A7</string>
			</array>
			<key>isa</key>
			<string>PBXSourcesBuildPhase</string>
			<key>runOnlyForDeploymentPostprocessing</key>
			<string>0</string>
		</dict>
		<key>4CAEDCEC18E656DF00A685A7</key>
		<dict>
			<key>buildActionMask</key>
			<string>2147483647</string>
			<key>files</key>
			<array>
				<string>4CAEDD3018E65C1A00A685A7</string>
				<string>4CAEDD2E18E65C1300A685A7</string>
				<string>4CAEDD2C18E65C0B00A685A7</string>
				<string>4CAEDD2A18E65C0200A685A7</string>
				<string>4CAEDCF518E656DF00A685A7</string>
				<string>4CAEDD2818E65BB000A685A7</string>
				<string>4CAEDCF718E656DF00A685A7</string>
				<string>4CAEDCF318E656DF00A685A7</string>
				<string>A208068060C342A5B88D1D8C</string>
			</array>
			<key>isa</key>
			<string>PBXFrameworksBuildPhase</string>
			<key>runOnlyForDeploymentPostprocessing</key>
			<string>0</string>
		</dict>
		<key>4CAEDCED18E656DF00A685A7</key>
		<dict>
			<key>buildActionMask</key>
			<string>2147483647</string>
			<key>files</key>
			<array>
				<string>4CAEDD0B18E656DF00A685A7</string>
				<string>4CAEDCFD18E656DF00A685A7</string>
				<string>4CAEDD0618E656DF00A685A7</string>
			</array>
			<key>isa</key>
			<string>PBXResourcesBuildPhase</string>
			<key>runOnlyForDeploymentPostprocessing</key>
			<string>0</string>
		</dict>
		<key>4CAEDCEE18E656DF00A685A7</key>
		<dict>
			<key>buildConfigurationList</key>
			<string>4CAEDD2118E656E000A685A7</string>
			<key>buildPhases</key>
			<array>
				<string>E12235E0989E4B6CA66D1ECD</string>
				<string>4CAEDCEB18E656DF00A685A7</string>
				<string>4CAEDCEC18E656DF00A685A7</string>
				<string>4CAEDCED18E656DF00A685A7</string>
				<string>E6FCD5EA65C6458CA6718099</string>
			</array>
			<key>buildRules</key>
			<array/>
			<key>dependencies</key>
			<array/>
			<key>isa</key>
			<string>PBXNativeTarget</string>
			<key>name</key>
			<string>DJFly</string>
			<key>productName</key>
			<string>DJFly</string>
			<key>productReference</key>
			<string>4CAEDCEF18E656DF00A685A7</string>
			<key>productType</key>
			<string>com.apple.product-type.application</string>
		</dict>
		<key>4CAEDCEF18E656DF00A685A7</key>
		<dict>
			<key>explicitFileType</key>
			<string>wrapper.application</string>
			<key>includeInIndex</key>
			<string>0</string>
			<key>isa</key>
			<string>PBXFileReference</string>
			<key>path</key>
			<string>DJFly.app</string>
			<key>sourceTree</key>
			<string>BUILT_PRODUCTS_DIR</string>
		</dict>
		<key>4CAEDCF018E656DF00A685A7</key>
		<dict>
			<key>children</key>
			<array>
				<string>4CAEDCEF18E656DF00A685A7</string>
				<string>4CAEDD1018E656DF00A685A7</string>
			</array>
			<key>isa</key>
			<string>PBXGroup</string>
			<key>name</key>
			<string>Products</string>
			<key>sourceTree</key>
			<string>&lt;group&gt;</string>
		</dict>
		<key>4CAEDCF118E656DF00A685A7</key>
		<dict>
			<key>children</key>
			<array>
				<string>4CAEDD2F18E65C1A00A685A7</string>
				<string>4CAEDD2D18E65C1300A685A7</string>
				<string>4CAEDD2B18E65C0B00A685A7</string>
				<string>4CAEDD2918E65C0200A685A7</string>
				<string>4CAEDD2718E65BB000A685A7</string>
				<string>4CAEDCF218E656DF00A685A7</string>
				<string>4CAEDCF418E656DF00A685A7</string>
				<string>4CAEDCF618E656DF00A685A7</string>
				<string>4CAEDD1118E656DF00A685A7</string>
				<string>FDB5F1C4D8604AE083EF2B1E</string>
			</array>
			<key>isa</key>
			<string>PBXGroup</string>
			<key>name</key>
			<string>Frameworks</string>
			<key>sourceTree</key>
			<string>&lt;group&gt;</string>
		</dict>
		<key>4CAEDCF218E656DF00A685A7</key>
		<dict>
			<key>isa</key>
			<string>PBXFileReference</string>
			<key>lastKnownFileType</key>
			<string>wrapper.framework</string>
			<key>name</key>
			<string>Foundation.framework</string>
			<key>path</key>
			<string>System/Library/Frameworks/Foundation.framework</string>
			<key>sourceTree</key>
			<string>SDKROOT</string>
		</dict>
		<key>4CAEDCF318E656DF00A685A7</key>
		<dict>
			<key>fileRef</key>
			<string>4CAEDCF218E656DF00A685A7</string>
			<key>isa</key>
			<string>PBXBuildFile</string>
		</dict>
		<key>4CAEDCF418E656DF00A685A7</key>
		<dict>
			<key>isa</key>
			<string>PBXFileReference</string>
			<key>lastKnownFileType</key>
			<string>wrapper.framework</string>
			<key>name</key>
			<string>CoreGraphics.framework</string>
			<key>path</key>
			<string>System/Library/Frameworks/CoreGraphics.framework</string>
			<key>sourceTree</key>
			<string>SDKROOT</string>
		</dict>
		<key>4CAEDCF518E656DF00A685A7</key>
		<dict>
			<key>fileRef</key>
			<string>4CAEDCF418E656DF00A685A7</string>
			<key>isa</key>
			<string>PBXBuildFile</string>
		</dict>
		<key>4CAEDCF618E656DF00A685A7</key>
		<dict>
			<key>isa</key>
			<string>PBXFileReference</string>
			<key>lastKnownFileType</key>
			<string>wrapper.framework</string>
			<key>name</key>
			<string>UIKit.framework</string>
			<key>path</key>
			<string>System/Library/Frameworks/UIKit.framework</string>
			<key>sourceTree</key>
			<string>SDKROOT</string>
		</dict>
		<key>4CAEDCF718E656DF00A685A7</key>
		<dict>
			<key>fileRef</key>
			<string>4CAEDCF618E656DF00A685A7</string>
			<key>isa</key>
			<string>PBXBuildFile</string>
		</dict>
		<key>4CAEDCF818E656DF00A685A7</key>
		<dict>
			<key>children</key>
			<array>
				<string>4CAEDD0118E656DF00A685A7</string>
				<string>4CAEDD0218E656DF00A685A7</string>
				<string>4CAEDD0418E656DF00A685A7</string>
				<string>4CAEDD0718E656DF00A685A7</string>
				<string>4CAEDD0818E656DF00A685A7</string>
				<string>4C519CD418E7348D00F8FB68</string>
				<string>4C519CD518E7348E00F8FB68</string>
				<string>4CAEDD3118E6891200A685A7</string>
				<string>4CAEDD3218E6891200A685A7</string>
				<string>4CAEDD0A18E656DF00A685A7</string>
				<string>4CAEDCF918E656DF00A685A7</string>
			</array>
			<key>isa</key>
			<string>PBXGroup</string>
			<key>path</key>
			<string>DJFly</string>
			<key>sourceTree</key>
			<string>&lt;group&gt;</string>
		</dict>
		<key>4CAEDCF918E656DF00A685A7</key>
		<dict>
			<key>children</key>
			<array>
				<string>4CAEDCFA18E656DF00A685A7</string>
				<string>4CAEDCFB18E656DF00A685A7</string>
				<string>4CAEDCFE18E656DF00A685A7</string>
				<string>4CAEDD0018E656DF00A685A7</string>
			</array>
			<key>isa</key>
			<string>PBXGroup</string>
			<key>name</key>
			<string>Supporting Files</string>
			<key>sourceTree</key>
			<string>&lt;group&gt;</string>
		</dict>
		<key>4CAEDCFA18E656DF00A685A7</key>
		<dict>
			<key>isa</key>
			<string>PBXFileReference</string>
			<key>lastKnownFileType</key>
			<string>text.plist.xml</string>
			<key>path</key>
			<string>DJFly-Info.plist</string>
			<key>sourceTree</key>
			<string>&lt;group&gt;</string>
		</dict>
		<key>4CAEDCFB18E656DF00A685A7</key>
		<dict>
			<key>children</key>
			<array>
				<string>4CAEDCFC18E656DF00A685A7</string>
			</array>
			<key>isa</key>
			<string>PBXVariantGroup</string>
			<key>name</key>
			<string>InfoPlist.strings</string>
			<key>sourceTree</key>
			<string>&lt;group&gt;</string>
		</dict>
		<key>4CAEDCFC18E656DF00A685A7</key>
		<dict>
			<key>isa</key>
			<string>PBXFileReference</string>
			<key>lastKnownFileType</key>
			<string>text.plist.strings</string>
			<key>name</key>
			<string>en</string>
			<key>path</key>
			<string>en.lproj/InfoPlist.strings</string>
			<key>sourceTree</key>
			<string>&lt;group&gt;</string>
		</dict>
		<key>4CAEDCFD18E656DF00A685A7</key>
		<dict>
			<key>fileRef</key>
			<string>4CAEDCFB18E656DF00A685A7</string>
			<key>isa</key>
			<string>PBXBuildFile</string>
		</dict>
		<key>4CAEDCFE18E656DF00A685A7</key>
		<dict>
			<key>isa</key>
			<string>PBXFileReference</string>
			<key>lastKnownFileType</key>
			<string>sourcecode.c.objc</string>
			<key>path</key>
			<string>main.m</string>
			<key>sourceTree</key>
			<string>&lt;group&gt;</string>
		</dict>
		<key>4CAEDCFF18E656DF00A685A7</key>
		<dict>
			<key>fileRef</key>
			<string>4CAEDCFE18E656DF00A685A7</string>
			<key>isa</key>
			<string>PBXBuildFile</string>
		</dict>
		<key>4CAEDD0018E656DF00A685A7</key>
		<dict>
			<key>isa</key>
			<string>PBXFileReference</string>
			<key>lastKnownFileType</key>
			<string>sourcecode.c.h</string>
			<key>path</key>
			<string>DJFly-Prefix.pch</string>
			<key>sourceTree</key>
			<string>&lt;group&gt;</string>
		</dict>
		<key>4CAEDD0118E656DF00A685A7</key>
		<dict>
			<key>isa</key>
			<string>PBXFileReference</string>
			<key>lastKnownFileType</key>
			<string>sourcecode.c.h</string>
			<key>path</key>
			<string>AppDelegate.h</string>
			<key>sourceTree</key>
			<string>&lt;group&gt;</string>
		</dict>
		<key>4CAEDD0218E656DF00A685A7</key>
		<dict>
			<key>isa</key>
			<string>PBXFileReference</string>
			<key>lastKnownFileType</key>
			<string>sourcecode.c.objc</string>
			<key>path</key>
			<string>AppDelegate.m</string>
			<key>sourceTree</key>
			<string>&lt;group&gt;</string>
		</dict>
		<key>4CAEDD0318E656DF00A685A7</key>
		<dict>
			<key>fileRef</key>
			<string>4CAEDD0218E656DF00A685A7</string>
			<key>isa</key>
			<string>PBXBuildFile</string>
		</dict>
		<key>4CAEDD0418E656DF00A685A7</key>
		<dict>
			<key>children</key>
			<array>
				<string>4CAEDD0518E656DF00A685A7</string>
			</array>
			<key>isa</key>
			<string>PBXVariantGroup</string>
			<key>name</key>
			<string>Main.storyboard</string>
			<key>sourceTree</key>
			<string>&lt;group&gt;</string>
		</dict>
		<key>4CAEDD0518E656DF00A685A7</key>
		<dict>
			<key>isa</key>
			<string>PBXFileReference</string>
			<key>lastKnownFileType</key>
			<string>file.storyboard</string>
			<key>name</key>
			<string>Base</string>
			<key>path</key>
			<string>Base.lproj/Main.storyboard</string>
			<key>sourceTree</key>
			<string>&lt;group&gt;</string>
		</dict>
		<key>4CAEDD0618E656DF00A685A7</key>
		<dict>
			<key>fileRef</key>
			<string>4CAEDD0418E656DF00A685A7</string>
			<key>isa</key>
			<string>PBXBuildFile</string>
		</dict>
		<key>4CAEDD0718E656DF00A685A7</key>
		<dict>
			<key>isa</key>
			<string>PBXFileReference</string>
			<key>lastKnownFileType</key>
			<string>sourcecode.c.h</string>
			<key>path</key>
			<string>MainViewController.h</string>
			<key>sourceTree</key>
			<string>&lt;group&gt;</string>
		</dict>
		<key>4CAEDD0818E656DF00A685A7</key>
		<dict>
			<key>isa</key>
			<string>PBXFileReference</string>
			<key>lastKnownFileType</key>
			<string>sourcecode.c.objc</string>
			<key>path</key>
			<string>MainViewController.m</string>
			<key>sourceTree</key>
			<string>&lt;group&gt;</string>
		</dict>
		<key>4CAEDD0918E656DF00A685A7</key>
		<dict>
			<key>fileRef</key>
			<string>4CAEDD0818E656DF00A685A7</string>
			<key>isa</key>
			<string>PBXBuildFile</string>
		</dict>
		<key>4CAEDD0A18E656DF00A685A7</key>
		<dict>
			<key>isa</key>
			<string>PBXFileReference</string>
			<key>lastKnownFileType</key>
			<string>folder.assetcatalog</string>
			<key>path</key>
			<string>Images.xcassets</string>
			<key>sourceTree</key>
			<string>&lt;group&gt;</string>
		</dict>
		<key>4CAEDD0B18E656DF00A685A7</key>
		<dict>
			<key>fileRef</key>
			<string>4CAEDD0A18E656DF00A685A7</string>
			<key>isa</key>
			<string>PBXBuildFile</string>
		</dict>
		<key>4CAEDD0C18E656DF00A685A7</key>
		<dict>
			<key>buildActionMask</key>
			<string>2147483647</string>
			<key>files</key>
			<array>
				<string>4CAEDD1E18E656E000A685A7</string>
			</array>
			<key>isa</key>
			<string>PBXSourcesBuildPhase</string>
			<key>runOnlyForDeploymentPostprocessing</key>
			<string>0</string>
		</dict>
		<key>4CAEDD0D18E656DF00A685A7</key>
		<dict>
			<key>buildActionMask</key>
			<string>2147483647</string>
			<key>files</key>
			<array>
				<string>4CAEDD1218E656E000A685A7</string>
				<string>4CAEDD1418E656E000A685A7</string>
				<string>4CAEDD1318E656E000A685A7</string>
			</array>
			<key>isa</key>
			<string>PBXFrameworksBuildPhase</string>
			<key>runOnlyForDeploymentPostprocessing</key>
			<string>0</string>
		</dict>
		<key>4CAEDD0E18E656DF00A685A7</key>
		<dict>
			<key>buildActionMask</key>
			<string>2147483647</string>
			<key>files</key>
			<array>
				<string>4CAEDD1C18E656E000A685A7</string>
			</array>
			<key>isa</key>
			<string>PBXResourcesBuildPhase</string>
			<key>runOnlyForDeploymentPostprocessing</key>
			<string>0</string>
		</dict>
		<key>4CAEDD0F18E656DF00A685A7</key>
		<dict>
			<key>buildConfigurationList</key>
			<string>4CAEDD2418E656E000A685A7</string>
			<key>buildPhases</key>
			<array>
				<string>4CAEDD0C18E656DF00A685A7</string>
				<string>4CAEDD0D18E656DF00A685A7</string>
				<string>4CAEDD0E18E656DF00A685A7</string>
			</array>
			<key>buildRules</key>
			<array/>
			<key>dependencies</key>
			<array>
				<string>4CAEDD1618E656E000A685A7</string>
			</array>
			<key>isa</key>
			<string>PBXNativeTarget</string>
			<key>name</key>
			<string>DJFlyTests</string>
			<key>productName</key>
			<string>DJFlyTests</string>
			<key>productReference</key>
			<string>4CAEDD1018E656DF00A685A7</string>
			<key>productType</key>
			<string>com.apple.product-type.bundle.unit-test</string>
		</dict>
		<key>4CAEDD1018E656DF00A685A7</key>
		<dict>
			<key>explicitFileType</key>
			<string>wrapper.cfbundle</string>
			<key>includeInIndex</key>
			<string>0</string>
			<key>isa</key>
			<string>PBXFileReference</string>
			<key>path</key>
			<string>DJFlyTests.xctest</string>
			<key>sourceTree</key>
			<string>BUILT_PRODUCTS_DIR</string>
		</dict>
		<key>4CAEDD1118E656DF00A685A7</key>
		<dict>
			<key>isa</key>
			<string>PBXFileReference</string>
			<key>lastKnownFileType</key>
			<string>wrapper.framework</string>
			<key>name</key>
			<string>XCTest.framework</string>
			<key>path</key>
			<string>Library/Frameworks/XCTest.framework</string>
			<key>sourceTree</key>
			<string>DEVELOPER_DIR</string>
		</dict>
		<key>4CAEDD1218E656E000A685A7</key>
		<dict>
			<key>fileRef</key>
			<string>4CAEDD1118E656DF00A685A7</string>
			<key>isa</key>
			<string>PBXBuildFile</string>
		</dict>
		<key>4CAEDD1318E656E000A685A7</key>
		<dict>
			<key>fileRef</key>
			<string>4CAEDCF218E656DF00A685A7</string>
			<key>isa</key>
			<string>PBXBuildFile</string>
		</dict>
		<key>4CAEDD1418E656E000A685A7</key>
		<dict>
			<key>fileRef</key>
			<string>4CAEDCF618E656DF00A685A7</string>
			<key>isa</key>
			<string>PBXBuildFile</string>
		</dict>
		<key>4CAEDD1518E656E000A685A7</key>
		<dict>
			<key>containerPortal</key>
			<string>4CAEDCE718E656DF00A685A7</string>
			<key>isa</key>
			<string>PBXContainerItemProxy</string>
			<key>proxyType</key>
			<string>1</string>
			<key>remoteGlobalIDString</key>
			<string>4CAEDCEE18E656DF00A685A7</string>
			<key>remoteInfo</key>
			<string>DJFly</string>
		</dict>
		<key>4CAEDD1618E656E000A685A7</key>
		<dict>
			<key>isa</key>
			<string>PBXTargetDependency</string>
			<key>target</key>
			<string>4CAEDCEE18E656DF00A685A7</string>
			<key>targetProxy</key>
			<string>4CAEDD1518E656E000A685A7</string>
		</dict>
		<key>4CAEDD1718E656E000A685A7</key>
		<dict>
			<key>children</key>
			<array>
				<string>4CAEDD1D18E656E000A685A7</string>
				<string>4CAEDD1818E656E000A685A7</string>
			</array>
			<key>isa</key>
			<string>PBXGroup</string>
			<key>path</key>
			<string>DJFlyTests</string>
			<key>sourceTree</key>
			<string>&lt;group&gt;</string>
		</dict>
		<key>4CAEDD1818E656E000A685A7</key>
		<dict>
			<key>children</key>
			<array>
				<string>4CAEDD1918E656E000A685A7</string>
				<string>4CAEDD1A18E656E000A685A7</string>
			</array>
			<key>isa</key>
			<string>PBXGroup</string>
			<key>name</key>
			<string>Supporting Files</string>
			<key>sourceTree</key>
			<string>&lt;group&gt;</string>
		</dict>
		<key>4CAEDD1918E656E000A685A7</key>
		<dict>
			<key>isa</key>
			<string>PBXFileReference</string>
			<key>lastKnownFileType</key>
			<string>text.plist.xml</string>
			<key>path</key>
			<string>DJFlyTests-Info.plist</string>
			<key>sourceTree</key>
			<string>&lt;group&gt;</string>
		</dict>
		<key>4CAEDD1A18E656E000A685A7</key>
		<dict>
			<key>children</key>
			<array>
				<string>4CAEDD1B18E656E000A685A7</string>
			</array>
			<key>isa</key>
			<string>PBXVariantGroup</string>
			<key>name</key>
			<string>InfoPlist.strings</string>
			<key>sourceTree</key>
			<string>&lt;group&gt;</string>
		</dict>
		<key>4CAEDD1B18E656E000A685A7</key>
		<dict>
			<key>isa</key>
			<string>PBXFileReference</string>
			<key>lastKnownFileType</key>
			<string>text.plist.strings</string>
			<key>name</key>
			<string>en</string>
			<key>path</key>
			<string>en.lproj/InfoPlist.strings</string>
			<key>sourceTree</key>
			<string>&lt;group&gt;</string>
		</dict>
		<key>4CAEDD1C18E656E000A685A7</key>
		<dict>
			<key>fileRef</key>
			<string>4CAEDD1A18E656E000A685A7</string>
			<key>isa</key>
			<string>PBXBuildFile</string>
		</dict>
		<key>4CAEDD1D18E656E000A685A7</key>
		<dict>
			<key>isa</key>
			<string>PBXFileReference</string>
			<key>lastKnownFileType</key>
			<string>sourcecode.c.objc</string>
			<key>path</key>
			<string>DJFlyTests.m</string>
			<key>sourceTree</key>
			<string>&lt;group&gt;</string>
		</dict>
		<key>4CAEDD1E18E656E000A685A7</key>
		<dict>
			<key>fileRef</key>
			<string>4CAEDD1D18E656E000A685A7</string>
			<key>isa</key>
			<string>PBXBuildFile</string>
		</dict>
		<key>4CAEDD1F18E656E000A685A7</key>
		<dict>
			<key>buildSettings</key>
			<dict>
				<key>ALWAYS_SEARCH_USER_PATHS</key>
				<string>NO</string>
				<key>ARCHS</key>
				<string>$(ARCHS_STANDARD_INCLUDING_64_BIT)</string>
				<key>CLANG_CXX_LANGUAGE_STANDARD</key>
				<string>gnu++0x</string>
				<key>CLANG_CXX_LIBRARY</key>
				<string>libc++</string>
				<key>CLANG_ENABLE_MODULES</key>
				<string>YES</string>
				<key>CLANG_ENABLE_OBJC_ARC</key>
				<string>YES</string>
				<key>CLANG_WARN_BOOL_CONVERSION</key>
				<string>YES</string>
				<key>CLANG_WARN_CONSTANT_CONVERSION</key>
				<string>YES</string>
				<key>CLANG_WARN_DIRECT_OBJC_ISA_USAGE</key>
				<string>YES_ERROR</string>
				<key>CLANG_WARN_EMPTY_BODY</key>
				<string>YES</string>
				<key>CLANG_WARN_ENUM_CONVERSION</key>
				<string>YES</string>
				<key>CLANG_WARN_INT_CONVERSION</key>
				<string>YES</string>
				<key>CLANG_WARN_OBJC_ROOT_CLASS</key>
				<string>YES_ERROR</string>
				<key>CLANG_WARN__DUPLICATE_METHOD_MATCH</key>
				<string>YES</string>
				<key>CODE_SIGN_IDENTITY[sdk=iphoneos*]</key>
				<string>iPhone Developer</string>
				<key>COPY_PHASE_STRIP</key>
				<string>NO</string>
				<key>GCC_C_LANGUAGE_STANDARD</key>
				<string>gnu99</string>
				<key>GCC_DYNAMIC_NO_PIC</key>
				<string>NO</string>
				<key>GCC_OPTIMIZATION_LEVEL</key>
				<string>0</string>
				<key>GCC_PREPROCESSOR_DEFINITIONS</key>
				<array>
					<string>DEBUG=1</string>
					<string>$(inherited)</string>
				</array>
				<key>GCC_SYMBOLS_PRIVATE_EXTERN</key>
				<string>NO</string>
				<key>GCC_WARN_64_TO_32_BIT_CONVERSION</key>
				<string>YES</string>
				<key>GCC_WARN_ABOUT_RETURN_TYPE</key>
				<string>YES_ERROR</string>
				<key>GCC_WARN_UNDECLARED_SELECTOR</key>
				<string>YES</string>
				<key>GCC_WARN_UNINITIALIZED_AUTOS</key>
				<string>YES</string>
				<key>GCC_WARN_UNUSED_FUNCTION</key>
				<string>YES</string>
				<key>GCC_WARN_UNUSED_VARIABLE</key>
				<string>YES</string>
				<key>IPHONEOS_DEPLOYMENT_TARGET</key>
				<string>7.0</string>
				<key>ONLY_ACTIVE_ARCH</key>
				<string>YES</string>
				<key>SDKROOT</key>
				<string>iphoneos</string>
			</dict>
			<key>isa</key>
			<string>XCBuildConfiguration</string>
			<key>name</key>
			<string>Debug</string>
		</dict>
		<key>4CAEDD2018E656E000A685A7</key>
		<dict>
			<key>buildSettings</key>
			<dict>
				<key>ALWAYS_SEARCH_USER_PATHS</key>
				<string>NO</string>
				<key>ARCHS</key>
				<string>$(ARCHS_STANDARD_INCLUDING_64_BIT)</string>
				<key>CLANG_CXX_LANGUAGE_STANDARD</key>
				<string>gnu++0x</string>
				<key>CLANG_CXX_LIBRARY</key>
				<string>libc++</string>
				<key>CLANG_ENABLE_MODULES</key>
				<string>YES</string>
				<key>CLANG_ENABLE_OBJC_ARC</key>
				<string>YES</string>
				<key>CLANG_WARN_BOOL_CONVERSION</key>
				<string>YES</string>
				<key>CLANG_WARN_CONSTANT_CONVERSION</key>
				<string>YES</string>
				<key>CLANG_WARN_DIRECT_OBJC_ISA_USAGE</key>
				<string>YES_ERROR</string>
				<key>CLANG_WARN_EMPTY_BODY</key>
				<string>YES</string>
				<key>CLANG_WARN_ENUM_CONVERSION</key>
				<string>YES</string>
				<key>CLANG_WARN_INT_CONVERSION</key>
				<string>YES</string>
				<key>CLANG_WARN_OBJC_ROOT_CLASS</key>
				<string>YES_ERROR</string>
				<key>CLANG_WARN__DUPLICATE_METHOD_MATCH</key>
				<string>YES</string>
				<key>CODE_SIGN_IDENTITY[sdk=iphoneos*]</key>
				<string>iPhone Developer</string>
				<key>COPY_PHASE_STRIP</key>
				<string>YES</string>
				<key>ENABLE_NS_ASSERTIONS</key>
				<string>NO</string>
				<key>GCC_C_LANGUAGE_STANDARD</key>
				<string>gnu99</string>
				<key>GCC_WARN_64_TO_32_BIT_CONVERSION</key>
				<string>YES</string>
				<key>GCC_WARN_ABOUT_RETURN_TYPE</key>
				<string>YES_ERROR</string>
				<key>GCC_WARN_UNDECLARED_SELECTOR</key>
				<string>YES</string>
				<key>GCC_WARN_UNINITIALIZED_AUTOS</key>
				<string>YES</string>
				<key>GCC_WARN_UNUSED_FUNCTION</key>
				<string>YES</string>
				<key>GCC_WARN_UNUSED_VARIABLE</key>
				<string>YES</string>
				<key>IPHONEOS_DEPLOYMENT_TARGET</key>
				<string>7.0</string>
				<key>SDKROOT</key>
				<string>iphoneos</string>
				<key>VALIDATE_PRODUCT</key>
				<string>YES</string>
			</dict>
			<key>isa</key>
			<string>XCBuildConfiguration</string>
			<key>name</key>
			<string>Release</string>
		</dict>
		<key>4CAEDD2118E656E000A685A7</key>
		<dict>
			<key>buildConfigurations</key>
			<array>
				<string>4CAEDD2218E656E000A685A7</string>
				<string>4CAEDD2318E656E000A685A7</string>
			</array>
			<key>defaultConfigurationIsVisible</key>
			<string>0</string>
			<key>defaultConfigurationName</key>
			<string>Release</string>
			<key>isa</key>
			<string>XCConfigurationList</string>
		</dict>
		<key>4CAEDD2218E656E000A685A7</key>
		<dict>
			<key>baseConfigurationReference</key>
			<string>33D18E6F1BA048D185EADA3C</string>
			<key>buildSettings</key>
			<dict>
				<key>ASSETCATALOG_COMPILER_APPICON_NAME</key>
				<string>AppIcon</string>
				<key>ASSETCATALOG_COMPILER_LAUNCHIMAGE_NAME</key>
				<string>LaunchImage</string>
				<key>FRAMEWORK_SEARCH_PATHS</key>
				<array>
					<string>$(inherited)</string>
					<string>/Users/Michael/Documents/Berkeley/_projects/DJFly/DJFly</string>
				</array>
				<key>GCC_PRECOMPILE_PREFIX_HEADER</key>
				<string>YES</string>
				<key>GCC_PREFIX_HEADER</key>
				<string>DJFly/DJFly-Prefix.pch</string>
				<key>INFOPLIST_FILE</key>
				<string>DJFly/DJFly-Info.plist</string>
				<key>OTHER_LDFLAGS</key>
				<string>-all_load</string>
				<key>PRODUCT_NAME</key>
				<string>$(TARGET_NAME)</string>
				<key>WRAPPER_EXTENSION</key>
				<string>app</string>
			</dict>
			<key>isa</key>
			<string>XCBuildConfiguration</string>
			<key>name</key>
			<string>Debug</string>
		</dict>
		<key>4CAEDD2318E656E000A685A7</key>
		<dict>
			<key>baseConfigurationReference</key>
			<string>33D18E6F1BA048D185EADA3C</string>
			<key>buildSettings</key>
			<dict>
				<key>ASSETCATALOG_COMPILER_APPICON_NAME</key>
				<string>AppIcon</string>
				<key>ASSETCATALOG_COMPILER_LAUNCHIMAGE_NAME</key>
				<string>LaunchImage</string>
				<key>FRAMEWORK_SEARCH_PATHS</key>
				<array>
					<string>$(inherited)</string>
					<string>/Users/Michael/Documents/Berkeley/_projects/DJFly/DJFly</string>
				</array>
				<key>GCC_PRECOMPILE_PREFIX_HEADER</key>
				<string>YES</string>
				<key>GCC_PREFIX_HEADER</key>
				<string>DJFly/DJFly-Prefix.pch</string>
				<key>INFOPLIST_FILE</key>
				<string>DJFly/DJFly-Info.plist</string>
				<key>OTHER_LDFLAGS</key>
				<string>-all_load</string>
				<key>PRODUCT_NAME</key>
				<string>$(TARGET_NAME)</string>
				<key>WRAPPER_EXTENSION</key>
				<string>app</string>
			</dict>
			<key>isa</key>
			<string>XCBuildConfiguration</string>
			<key>name</key>
			<string>Release</string>
		</dict>
		<key>4CAEDD2418E656E000A685A7</key>
		<dict>
			<key>buildConfigurations</key>
			<array>
				<string>4CAEDD2518E656E000A685A7</string>
				<string>4CAEDD2618E656E000A685A7</string>
			</array>
			<key>defaultConfigurationIsVisible</key>
			<string>0</string>
			<key>defaultConfigurationName</key>
			<string>Release</string>
			<key>isa</key>
			<string>XCConfigurationList</string>
		</dict>
		<key>4CAEDD2518E656E000A685A7</key>
		<dict>
			<key>buildSettings</key>
			<dict>
				<key>ARCHS</key>
				<string>$(ARCHS_STANDARD_INCLUDING_64_BIT)</string>
				<key>BUNDLE_LOADER</key>
				<string>$(BUILT_PRODUCTS_DIR)/DJFly.app/DJFly</string>
				<key>FRAMEWORK_SEARCH_PATHS</key>
				<array>
					<string>$(SDKROOT)/Developer/Library/Frameworks</string>
					<string>$(inherited)</string>
					<string>$(DEVELOPER_FRAMEWORKS_DIR)</string>
				</array>
				<key>GCC_PRECOMPILE_PREFIX_HEADER</key>
				<string>YES</string>
				<key>GCC_PREFIX_HEADER</key>
				<string>DJFly/DJFly-Prefix.pch</string>
				<key>GCC_PREPROCESSOR_DEFINITIONS</key>
				<array>
					<string>DEBUG=1</string>
					<string>$(inherited)</string>
				</array>
				<key>INFOPLIST_FILE</key>
				<string>DJFlyTests/DJFlyTests-Info.plist</string>
				<key>PRODUCT_NAME</key>
				<string>$(TARGET_NAME)</string>
				<key>TEST_HOST</key>
				<string>$(BUNDLE_LOADER)</string>
				<key>WRAPPER_EXTENSION</key>
				<string>xctest</string>
			</dict>
			<key>isa</key>
			<string>XCBuildConfiguration</string>
			<key>name</key>
			<string>Debug</string>
		</dict>
		<key>4CAEDD2618E656E000A685A7</key>
		<dict>
			<key>buildSettings</key>
			<dict>
				<key>ARCHS</key>
				<string>$(ARCHS_STANDARD_INCLUDING_64_BIT)</string>
				<key>BUNDLE_LOADER</key>
				<string>$(BUILT_PRODUCTS_DIR)/DJFly.app/DJFly</string>
				<key>FRAMEWORK_SEARCH_PATHS</key>
				<array>
					<string>$(SDKROOT)/Developer/Library/Frameworks</string>
					<string>$(inherited)</string>
					<string>$(DEVELOPER_FRAMEWORKS_DIR)</string>
				</array>
				<key>GCC_PRECOMPILE_PREFIX_HEADER</key>
				<string>YES</string>
				<key>GCC_PREFIX_HEADER</key>
				<string>DJFly/DJFly-Prefix.pch</string>
				<key>INFOPLIST_FILE</key>
				<string>DJFlyTests/DJFlyTests-Info.plist</string>
				<key>PRODUCT_NAME</key>
				<string>$(TARGET_NAME)</string>
				<key>TEST_HOST</key>
				<string>$(BUNDLE_LOADER)</string>
				<key>WRAPPER_EXTENSION</key>
				<string>xctest</string>
			</dict>
			<key>isa</key>
			<string>XCBuildConfiguration</string>
			<key>name</key>
			<string>Release</string>
		</dict>
		<key>4CAEDD2718E65BB000A685A7</key>
		<dict>
			<key>isa</key>
			<string>PBXFileReference</string>
			<key>lastKnownFileType</key>
			<string>wrapper.framework</string>
			<key>path</key>
			<string>Rdio.framework</string>
			<key>sourceTree</key>
			<string>&lt;group&gt;</string>
		</dict>
		<key>4CAEDD2818E65BB000A685A7</key>
		<dict>
			<key>fileRef</key>
			<string>4CAEDD2718E65BB000A685A7</string>
			<key>isa</key>
			<string>PBXBuildFile</string>
		</dict>
		<key>4CAEDD2918E65C0200A685A7</key>
		<dict>
			<key>isa</key>
			<string>PBXFileReference</string>
			<key>lastKnownFileType</key>
			<string>wrapper.framework</string>
			<key>name</key>
			<string>CFNetwork.framework</string>
			<key>path</key>
			<string>System/Library/Frameworks/CFNetwork.framework</string>
			<key>sourceTree</key>
			<string>SDKROOT</string>
		</dict>
		<key>4CAEDD2A18E65C0200A685A7</key>
		<dict>
			<key>fileRef</key>
			<string>4CAEDD2918E65C0200A685A7</string>
			<key>isa</key>
			<string>PBXBuildFile</string>
		</dict>
		<key>4CAEDD2B18E65C0B00A685A7</key>
		<dict>
			<key>isa</key>
			<string>PBXFileReference</string>
			<key>lastKnownFileType</key>
			<string>wrapper.framework</string>
			<key>name</key>
			<string>SystemConfiguration.framework</string>
			<key>path</key>
			<string>System/Library/Frameworks/SystemConfiguration.framework</string>
			<key>sourceTree</key>
			<string>SDKROOT</string>
		</dict>
		<key>4CAEDD2C18E65C0B00A685A7</key>
		<dict>
			<key>fileRef</key>
			<string>4CAEDD2B18E65C0B00A685A7</string>
			<key>isa</key>
			<string>PBXBuildFile</string>
		</dict>
		<key>4CAEDD2D18E65C1300A685A7</key>
		<dict>
			<key>isa</key>
			<string>PBXFileReference</string>
			<key>lastKnownFileType</key>
			<string>wrapper.framework</string>
			<key>name</key>
			<string>AudioToolbox.framework</string>
			<key>path</key>
			<string>System/Library/Frameworks/AudioToolbox.framework</string>
			<key>sourceTree</key>
			<string>SDKROOT</string>
		</dict>
		<key>4CAEDD2E18E65C1300A685A7</key>
		<dict>
			<key>fileRef</key>
			<string>4CAEDD2D18E65C1300A685A7</string>
			<key>isa</key>
			<string>PBXBuildFile</string>
		</dict>
		<key>4CAEDD2F18E65C1A00A685A7</key>
		<dict>
			<key>isa</key>
			<string>PBXFileReference</string>
			<key>lastKnownFileType</key>
			<string>wrapper.framework</string>
			<key>name</key>
			<string>Security.framework</string>
			<key>path</key>
			<string>System/Library/Frameworks/Security.framework</string>
			<key>sourceTree</key>
			<string>SDKROOT</string>
		</dict>
		<key>4CAEDD3018E65C1A00A685A7</key>
		<dict>
			<key>fileRef</key>
			<string>4CAEDD2F18E65C1A00A685A7</string>
			<key>isa</key>
			<string>PBXBuildFile</string>
		</dict>
		<key>4CAEDD3118E6891200A685A7</key>
		<dict>
			<key>fileEncoding</key>
			<string>4</string>
			<key>isa</key>
			<string>PBXFileReference</string>
			<key>lastKnownFileType</key>
			<string>sourcecode.c.h</string>
			<key>path</key>
			<string>PlaylistViewController.h</string>
			<key>sourceTree</key>
			<string>&lt;group&gt;</string>
		</dict>
		<key>4CAEDD3218E6891200A685A7</key>
		<dict>
			<key>fileEncoding</key>
			<string>4</string>
			<key>isa</key>
			<string>PBXFileReference</string>
			<key>lastKnownFileType</key>
			<string>sourcecode.c.objc</string>
			<key>path</key>
			<string>PlaylistViewController.m</string>
			<key>sourceTree</key>
			<string>&lt;group&gt;</string>
		</dict>
		<key>4CAEDD3318E6891200A685A7</key>
		<dict>
			<key>fileRef</key>
			<string>4CAEDD3218E6891200A685A7</string>
			<key>isa</key>
			<string>PBXBuildFile</string>
		</dict>
		<key>A208068060C342A5B88D1D8C</key>
		<dict>
			<key>fileRef</key>
			<string>FDB5F1C4D8604AE083EF2B1E</string>
			<key>isa</key>
			<string>PBXBuildFile</string>
		</dict>
		<key>E12235E0989E4B6CA66D1ECD</key>
		<dict>
			<key>buildActionMask</key>
			<string>2147483647</string>
			<key>files</key>
			<array/>
			<key>inputPaths</key>
			<array/>
			<key>isa</key>
			<string>PBXShellScriptBuildPhase</string>
			<key>name</key>
			<string>Check Pods Manifest.lock</string>
			<key>outputPaths</key>
			<array/>
			<key>runOnlyForDeploymentPostprocessing</key>
			<string>0</string>
			<key>shellPath</key>
			<string>/bin/sh</string>
			<key>shellScript</key>
			<string>diff "${PODS_ROOT}/../Podfile.lock" "${PODS_ROOT}/Manifest.lock" &gt; /dev/null
if [[ $? != 0 ]] ; then
    cat &lt;&lt; EOM
error: The sandbox is not in sync with the Podfile.lock. Run 'pod install' or update your CocoaPods installation.
EOM
    exit 1
fi
</string>
			<key>showEnvVarsInLog</key>
			<string>0</string>
		</dict>
		<key>E6FCD5EA65C6458CA6718099</key>
		<dict>
			<key>buildActionMask</key>
			<string>2147483647</string>
			<key>files</key>
			<array/>
			<key>inputPaths</key>
			<array/>
			<key>isa</key>
			<string>PBXShellScriptBuildPhase</string>
			<key>name</key>
			<string>Copy Pods Resources</string>
			<key>outputPaths</key>
			<array/>
			<key>runOnlyForDeploymentPostprocessing</key>
			<string>0</string>
			<key>shellPath</key>
			<string>/bin/sh</string>
			<key>shellScript</key>
			<string>"${SRCROOT}/Pods/Pods-resources.sh"
</string>
			<key>showEnvVarsInLog</key>
			<string>0</string>
		</dict>
		<key>FDB5F1C4D8604AE083EF2B1E</key>
		<dict>
			<key>explicitFileType</key>
			<string>archive.ar</string>
			<key>includeInIndex</key>
			<string>0</string>
			<key>isa</key>
			<string>PBXFileReference</string>
			<key>path</key>
			<string>libPods.a</string>
			<key>sourceTree</key>
			<string>BUILT_PRODUCTS_DIR</string>
		</dict>
	</dict>
	<key>rootObject</key>
	<string>4CAEDCE718E656DF00A685A7</string>
</dict>
</plist>
